
Microsoft Visual Studio Solution File, Format Version 12.00
# Visual Studio 15
VisualStudioVersion = 15.0.27130.2027
MinimumVisualStudioVersion = 10.0.40219.1
Project("{FAE04EC0-301F-11D3-BF4B-00C04F79EFBC}") = "TheGardenApplication", "TheGardenApplication\TheGardenApplication.csproj", "{E7A5A0BE-F116-49C7-9BD0-E9B2A855B624}"
EndProject
Global
	GlobalSection(SolutionConfigurationPlatforms) = preSolution
		Debug|Any CPU = Debug|Any CPU
		Release|Any CPU = Release|Any CPU
	EndGlobalSection
	GlobalSection(ProjectConfigurationPlatforms) = postSolution
		{E7A5A0BE-F116-49C7-9BD0-E9B2A855B624}.Debug|Any CPU.ActiveCfg = Debug|Any CPU
		{E7A5A0BE-F116-49C7-9BD0-E9B2A855B624}.Debug|Any CPU.Build.0 = Debug|Any CPU
		{E7A5A0BE-F116-49C7-9BD0-E9B2A855B624}.Release|Any CPU.ActiveCfg = Release|Any CPU
		{E7A5A0BE-F116-49C7-9BD0-E9B2A855B624}.Release|Any CPU.Build.0 = Release|Any CPU
	EndGlobalSection
	GlobalSection(SolutionProperties) = preSolution
		HideSolutionNode = FALSE
	EndGlobalSection
	GlobalSection(ExtensibilityGlobals) = postSolution
		SolutionGuid = {02E5D0C2-1A1B-497D-821B-C2F10175364F}
	EndGlobalSection
EndGlobal
