
Microsoft Visual Studio Solution File, Format Version 12.00
# Visual Studio 15
VisualStudioVersion = 15.0.27130.2027
MinimumVisualStudioVersion = 10.0.40219.1
Project("{FAE04EC0-301F-11D3-BF4B-00C04F79EFBC}") = "Sum", "Sum\Sum.csproj", "{B2420F05-A1EC-4545-9441-110CFF020D83}"
EndProject
Project("{FAE04EC0-301F-11D3-BF4B-00C04F79EFBC}") = "TestSum", "TestSum\TestSum.csproj", "{3988FBC8-4DED-4596-A9D8-FB7BDD721135}"
EndProject
Global
	GlobalSection(SolutionConfigurationPlatforms) = preSolution
		Debug|Any CPU = Debug|Any CPU
		Release|Any CPU = Release|Any CPU
	EndGlobalSection
	GlobalSection(ProjectConfigurationPlatforms) = postSolution
		{B2420F05-A1EC-4545-9441-110CFF020D83}.Debug|Any CPU.ActiveCfg = Debug|Any CPU
		{B2420F05-A1EC-4545-9441-110CFF020D83}.Debug|Any CPU.Build.0 = Debug|Any CPU
		{B2420F05-A1EC-4545-9441-110CFF020D83}.Release|Any CPU.ActiveCfg = Release|Any CPU
		{B2420F05-A1EC-4545-9441-110CFF020D83}.Release|Any CPU.Build.0 = Release|Any CPU
		{3988FBC8-4DED-4596-A9D8-FB7BDD721135}.Debug|Any CPU.ActiveCfg = Debug|Any CPU
		{3988FBC8-4DED-4596-A9D8-FB7BDD721135}.Debug|Any CPU.Build.0 = Debug|Any CPU
		{3988FBC8-4DED-4596-A9D8-FB7BDD721135}.Release|Any CPU.ActiveCfg = Release|Any CPU
		{3988FBC8-4DED-4596-A9D8-FB7BDD721135}.Release|Any CPU.Build.0 = Release|Any CPU
	EndGlobalSection
	GlobalSection(SolutionProperties) = preSolution
		HideSolutionNode = FALSE
	EndGlobalSection
	GlobalSection(ExtensibilityGlobals) = postSolution
		SolutionGuid = {99D91B9C-A2BF-4249-BBFB-5940F3C5A7DB}
	EndGlobalSection
EndGlobal
