
Microsoft Visual Studio Solution File, Format Version 12.00
# Visual Studio 15
VisualStudioVersion = 15.0.27428.2005
MinimumVisualStudioVersion = 10.0.40219.1
Project("{FAE04EC0-301F-11D3-BF4B-00C04F79EFBC}") = "TheFirst", "TheFirst\TheFirst.csproj", "{41192191-D88C-4226-BCBA-174BC790B44E}"
EndProject
Global
	GlobalSection(SolutionConfigurationPlatforms) = preSolution
		Debug|Any CPU = Debug|Any CPU
		Release|Any CPU = Release|Any CPU
	EndGlobalSection
	GlobalSection(ProjectConfigurationPlatforms) = postSolution
		{41192191-D88C-4226-BCBA-174BC790B44E}.Debug|Any CPU.ActiveCfg = Debug|Any CPU
		{41192191-D88C-4226-BCBA-174BC790B44E}.Debug|Any CPU.Build.0 = Debug|Any CPU
		{41192191-D88C-4226-BCBA-174BC790B44E}.Release|Any CPU.ActiveCfg = Release|Any CPU
		{41192191-D88C-4226-BCBA-174BC790B44E}.Release|Any CPU.Build.0 = Release|Any CPU
	EndGlobalSection
	GlobalSection(SolutionProperties) = preSolution
		HideSolutionNode = FALSE
	EndGlobalSection
	GlobalSection(ExtensibilityGlobals) = postSolution
		SolutionGuid = {339DCACF-FA26-488E-920F-579FBF0154AA}
	EndGlobalSection
EndGlobal
