
Microsoft Visual Studio Solution File, Format Version 12.00
# Visual Studio 15
VisualStudioVersion = 15.0.27428.2005
MinimumVisualStudioVersion = 10.0.40219.1
Project("{FAE04EC0-301F-11D3-BF4B-00C04F79EFBC}") = "FrequencyOfCharacters", "FrequencyOfCharacters\FrequencyOfCharacters.csproj", "{B99D9144-484B-4DA2-B74F-072CB845DD87}"
EndProject
Global
	GlobalSection(SolutionConfigurationPlatforms) = preSolution
		Debug|Any CPU = Debug|Any CPU
		Release|Any CPU = Release|Any CPU
	EndGlobalSection
	GlobalSection(ProjectConfigurationPlatforms) = postSolution
		{B99D9144-484B-4DA2-B74F-072CB845DD87}.Debug|Any CPU.ActiveCfg = Debug|Any CPU
		{B99D9144-484B-4DA2-B74F-072CB845DD87}.Debug|Any CPU.Build.0 = Debug|Any CPU
		{B99D9144-484B-4DA2-B74F-072CB845DD87}.Release|Any CPU.ActiveCfg = Release|Any CPU
		{B99D9144-484B-4DA2-B74F-072CB845DD87}.Release|Any CPU.Build.0 = Release|Any CPU
	EndGlobalSection
	GlobalSection(SolutionProperties) = preSolution
		HideSolutionNode = FALSE
	EndGlobalSection
	GlobalSection(ExtensibilityGlobals) = postSolution
		SolutionGuid = {55807108-3D1E-4B53-BA83-93BF87F6B0CB}
	EndGlobalSection
EndGlobal
