
Microsoft Visual Studio Solution File, Format Version 12.00
# Visual Studio 15
VisualStudioVersion = 15.0.27130.2027
MinimumVisualStudioVersion = 10.0.40219.1
Project("{FAE04EC0-301F-11D3-BF4B-00C04F79EFBC}") = "Power", "Power\Power.csproj", "{7D66A656-C927-47E3-B675-06FFF2BA66E2}"
EndProject
Global
	GlobalSection(SolutionConfigurationPlatforms) = preSolution
		Debug|Any CPU = Debug|Any CPU
		Release|Any CPU = Release|Any CPU
	EndGlobalSection
	GlobalSection(ProjectConfigurationPlatforms) = postSolution
		{7D66A656-C927-47E3-B675-06FFF2BA66E2}.Debug|Any CPU.ActiveCfg = Debug|Any CPU
		{7D66A656-C927-47E3-B675-06FFF2BA66E2}.Debug|Any CPU.Build.0 = Debug|Any CPU
		{7D66A656-C927-47E3-B675-06FFF2BA66E2}.Release|Any CPU.ActiveCfg = Release|Any CPU
		{7D66A656-C927-47E3-B675-06FFF2BA66E2}.Release|Any CPU.Build.0 = Release|Any CPU
	EndGlobalSection
	GlobalSection(SolutionProperties) = preSolution
		HideSolutionNode = FALSE
	EndGlobalSection
	GlobalSection(ExtensibilityGlobals) = postSolution
		SolutionGuid = {99EF16D5-BDDD-45A4-B4E3-EAC1FF5196B8}
	EndGlobalSection
EndGlobal
