
Microsoft Visual Studio Solution File, Format Version 12.00
# Visual Studio 15
VisualStudioVersion = 15.0.27428.2005
MinimumVisualStudioVersion = 10.0.40219.1
Project("{FAE04EC0-301F-11D3-BF4B-00C04F79EFBC}") = "FrontEndRest", "FrontEndRest\FrontEndRest.csproj", "{3E6B322B-E753-4DCD-85AC-32F05AFAD86F}"
EndProject
Global
	GlobalSection(SolutionConfigurationPlatforms) = preSolution
		Debug|Any CPU = Debug|Any CPU
		Release|Any CPU = Release|Any CPU
	EndGlobalSection
	GlobalSection(ProjectConfigurationPlatforms) = postSolution
		{3E6B322B-E753-4DCD-85AC-32F05AFAD86F}.Debug|Any CPU.ActiveCfg = Debug|Any CPU
		{3E6B322B-E753-4DCD-85AC-32F05AFAD86F}.Debug|Any CPU.Build.0 = Debug|Any CPU
		{3E6B322B-E753-4DCD-85AC-32F05AFAD86F}.Release|Any CPU.ActiveCfg = Release|Any CPU
		{3E6B322B-E753-4DCD-85AC-32F05AFAD86F}.Release|Any CPU.Build.0 = Release|Any CPU
	EndGlobalSection
	GlobalSection(SolutionProperties) = preSolution
		HideSolutionNode = FALSE
	EndGlobalSection
	GlobalSection(ExtensibilityGlobals) = postSolution
		SolutionGuid = {FB41189D-5899-4BD7-B395-E66854E74A90}
	EndGlobalSection
EndGlobal
