
Microsoft Visual Studio Solution File, Format Version 12.00
# Visual Studio 15
VisualStudioVersion = 15.0.27130.2027
MinimumVisualStudioVersion = 10.0.40219.1
Project("{FAE04EC0-301F-11D3-BF4B-00C04F79EFBC}") = "Counter", "Counter\Counter.csproj", "{5CDE53DC-4116-4863-95AD-42683DA42B62}"
EndProject
Global
	GlobalSection(SolutionConfigurationPlatforms) = preSolution
		Debug|Any CPU = Debug|Any CPU
		Release|Any CPU = Release|Any CPU
	EndGlobalSection
	GlobalSection(ProjectConfigurationPlatforms) = postSolution
		{5CDE53DC-4116-4863-95AD-42683DA42B62}.Debug|Any CPU.ActiveCfg = Debug|Any CPU
		{5CDE53DC-4116-4863-95AD-42683DA42B62}.Debug|Any CPU.Build.0 = Debug|Any CPU
		{5CDE53DC-4116-4863-95AD-42683DA42B62}.Release|Any CPU.ActiveCfg = Release|Any CPU
		{5CDE53DC-4116-4863-95AD-42683DA42B62}.Release|Any CPU.Build.0 = Release|Any CPU
	EndGlobalSection
	GlobalSection(SolutionProperties) = preSolution
		HideSolutionNode = FALSE
	EndGlobalSection
	GlobalSection(ExtensibilityGlobals) = postSolution
		SolutionGuid = {E27130C0-7F0D-4C66-BA66-EA5701E08724}
	EndGlobalSection
EndGlobal
