
Microsoft Visual Studio Solution File, Format Version 12.00
# Visual Studio 15
VisualStudioVersion = 15.0.27428.2005
MinimumVisualStudioVersion = 10.0.40219.1
Project("{FAE04EC0-301F-11D3-BF4B-00C04F79EFBC}") = "CharArrayToString", "CharArrayToString\CharArrayToString.csproj", "{9B302542-E7CB-42E7-8461-F450C8C1C55D}"
EndProject
Global
	GlobalSection(SolutionConfigurationPlatforms) = preSolution
		Debug|Any CPU = Debug|Any CPU
		Release|Any CPU = Release|Any CPU
	EndGlobalSection
	GlobalSection(ProjectConfigurationPlatforms) = postSolution
		{9B302542-E7CB-42E7-8461-F450C8C1C55D}.Debug|Any CPU.ActiveCfg = Debug|Any CPU
		{9B302542-E7CB-42E7-8461-F450C8C1C55D}.Debug|Any CPU.Build.0 = Debug|Any CPU
		{9B302542-E7CB-42E7-8461-F450C8C1C55D}.Release|Any CPU.ActiveCfg = Release|Any CPU
		{9B302542-E7CB-42E7-8461-F450C8C1C55D}.Release|Any CPU.Build.0 = Release|Any CPU
	EndGlobalSection
	GlobalSection(SolutionProperties) = preSolution
		HideSolutionNode = FALSE
	EndGlobalSection
	GlobalSection(ExtensibilityGlobals) = postSolution
		SolutionGuid = {C954744D-9425-4F09-BCFD-023F6328E490}
	EndGlobalSection
EndGlobal
