
Microsoft Visual Studio Solution File, Format Version 12.00
# Visual Studio 15
VisualStudioVersion = 15.0.27130.2027
MinimumVisualStudioVersion = 10.0.40219.1
Project("{FAE04EC0-301F-11D3-BF4B-00C04F79EFBC}") = "SquareGrid", "SquareGrid\SquareGrid.csproj", "{6E8E7735-06A8-499C-95B7-8D2F79523F0F}"
EndProject
Global
	GlobalSection(SolutionConfigurationPlatforms) = preSolution
		Debug|Any CPU = Debug|Any CPU
		Release|Any CPU = Release|Any CPU
	EndGlobalSection
	GlobalSection(ProjectConfigurationPlatforms) = postSolution
		{6E8E7735-06A8-499C-95B7-8D2F79523F0F}.Debug|Any CPU.ActiveCfg = Debug|Any CPU
		{6E8E7735-06A8-499C-95B7-8D2F79523F0F}.Debug|Any CPU.Build.0 = Debug|Any CPU
		{6E8E7735-06A8-499C-95B7-8D2F79523F0F}.Release|Any CPU.ActiveCfg = Release|Any CPU
		{6E8E7735-06A8-499C-95B7-8D2F79523F0F}.Release|Any CPU.Build.0 = Release|Any CPU
	EndGlobalSection
	GlobalSection(SolutionProperties) = preSolution
		HideSolutionNode = FALSE
	EndGlobalSection
	GlobalSection(ExtensibilityGlobals) = postSolution
		SolutionGuid = {77FC69EA-0C0C-48C7-B8CF-5C08C8C6D600}
	EndGlobalSection
EndGlobal
