
Microsoft Visual Studio Solution File, Format Version 12.00
# Visual Studio 15
VisualStudioVersion = 15.0.27130.2027
MinimumVisualStudioVersion = 10.0.40219.1
Project("{FAE04EC0-301F-11D3-BF4B-00C04F79EFBC}") = "WriteMultipleLines", "WriteMultipleLines\WriteMultipleLines.csproj", "{77C1F85F-8D29-4337-A202-C2A9F9D0C173}"
EndProject
Global
	GlobalSection(SolutionConfigurationPlatforms) = preSolution
		Debug|Any CPU = Debug|Any CPU
		Release|Any CPU = Release|Any CPU
	EndGlobalSection
	GlobalSection(ProjectConfigurationPlatforms) = postSolution
		{77C1F85F-8D29-4337-A202-C2A9F9D0C173}.Debug|Any CPU.ActiveCfg = Debug|Any CPU
		{77C1F85F-8D29-4337-A202-C2A9F9D0C173}.Debug|Any CPU.Build.0 = Debug|Any CPU
		{77C1F85F-8D29-4337-A202-C2A9F9D0C173}.Release|Any CPU.ActiveCfg = Release|Any CPU
		{77C1F85F-8D29-4337-A202-C2A9F9D0C173}.Release|Any CPU.Build.0 = Release|Any CPU
	EndGlobalSection
	GlobalSection(SolutionProperties) = preSolution
		HideSolutionNode = FALSE
	EndGlobalSection
	GlobalSection(ExtensibilityGlobals) = postSolution
		SolutionGuid = {AC6B7018-A875-4C0B-99E2-BB627510996D}
	EndGlobalSection
EndGlobal
