
Microsoft Visual Studio Solution File, Format Version 12.00
# Visual Studio 15
VisualStudioVersion = 15.0.27428.2005
MinimumVisualStudioVersion = 10.0.40219.1
Project("{FAE04EC0-301F-11D3-BF4B-00C04F79EFBC}") = "PalindromeCreator", "PalindromeCreator\PalindromeCreator.csproj", "{1A3AC9D7-76A2-49EF-AB66-CF9B1FA92FD7}"
EndProject
Global
	GlobalSection(SolutionConfigurationPlatforms) = preSolution
		Debug|Any CPU = Debug|Any CPU
		Release|Any CPU = Release|Any CPU
	EndGlobalSection
	GlobalSection(ProjectConfigurationPlatforms) = postSolution
		{1A3AC9D7-76A2-49EF-AB66-CF9B1FA92FD7}.Debug|Any CPU.ActiveCfg = Debug|Any CPU
		{1A3AC9D7-76A2-49EF-AB66-CF9B1FA92FD7}.Debug|Any CPU.Build.0 = Debug|Any CPU
		{1A3AC9D7-76A2-49EF-AB66-CF9B1FA92FD7}.Release|Any CPU.ActiveCfg = Release|Any CPU
		{1A3AC9D7-76A2-49EF-AB66-CF9B1FA92FD7}.Release|Any CPU.Build.0 = Release|Any CPU
	EndGlobalSection
	GlobalSection(SolutionProperties) = preSolution
		HideSolutionNode = FALSE
	EndGlobalSection
	GlobalSection(ExtensibilityGlobals) = postSolution
		SolutionGuid = {98CC9000-1CB5-4241-B936-2754DDE036D2}
	EndGlobalSection
EndGlobal
