
Microsoft Visual Studio Solution File, Format Version 12.00
# Visual Studio 15
VisualStudioVersion = 15.0.27130.2027
MinimumVisualStudioVersion = 10.0.40219.1
Project("{FAE04EC0-301F-11D3-BF4B-00C04F79EFBC}") = "Dominoes", "Dominoes\Dominoes.csproj", "{E6768E15-381B-418D-B1E6-AE33C765418F}"
EndProject
Global
	GlobalSection(SolutionConfigurationPlatforms) = preSolution
		Debug|Any CPU = Debug|Any CPU
		Release|Any CPU = Release|Any CPU
	EndGlobalSection
	GlobalSection(ProjectConfigurationPlatforms) = postSolution
		{E6768E15-381B-418D-B1E6-AE33C765418F}.Debug|Any CPU.ActiveCfg = Debug|Any CPU
		{E6768E15-381B-418D-B1E6-AE33C765418F}.Debug|Any CPU.Build.0 = Debug|Any CPU
		{E6768E15-381B-418D-B1E6-AE33C765418F}.Release|Any CPU.ActiveCfg = Release|Any CPU
		{E6768E15-381B-418D-B1E6-AE33C765418F}.Release|Any CPU.Build.0 = Release|Any CPU
	EndGlobalSection
	GlobalSection(SolutionProperties) = preSolution
		HideSolutionNode = FALSE
	EndGlobalSection
	GlobalSection(ExtensibilityGlobals) = postSolution
		SolutionGuid = {62BBB63E-B986-4859-B05A-47E45E71E398}
	EndGlobalSection
EndGlobal
