
Microsoft Visual Studio Solution File, Format Version 12.00
# Visual Studio 15
VisualStudioVersion = 15.0.27428.2005
MinimumVisualStudioVersion = 10.0.40219.1
Project("{FAE04EC0-301F-11D3-BF4B-00C04F79EFBC}") = "FrequencyOfNumbers", "FrequencyOfNumbers\FrequencyOfNumbers.csproj", "{8653667E-22EC-4DB4-A4C7-312B08A4C0AE}"
EndProject
Global
	GlobalSection(SolutionConfigurationPlatforms) = preSolution
		Debug|Any CPU = Debug|Any CPU
		Release|Any CPU = Release|Any CPU
	EndGlobalSection
	GlobalSection(ProjectConfigurationPlatforms) = postSolution
		{8653667E-22EC-4DB4-A4C7-312B08A4C0AE}.Debug|Any CPU.ActiveCfg = Debug|Any CPU
		{8653667E-22EC-4DB4-A4C7-312B08A4C0AE}.Debug|Any CPU.Build.0 = Debug|Any CPU
		{8653667E-22EC-4DB4-A4C7-312B08A4C0AE}.Release|Any CPU.ActiveCfg = Release|Any CPU
		{8653667E-22EC-4DB4-A4C7-312B08A4C0AE}.Release|Any CPU.Build.0 = Release|Any CPU
	EndGlobalSection
	GlobalSection(SolutionProperties) = preSolution
		HideSolutionNode = FALSE
	EndGlobalSection
	GlobalSection(ExtensibilityGlobals) = postSolution
		SolutionGuid = {F2CA7432-CE6E-41B0-A8E9-5C56712E2B27}
	EndGlobalSection
EndGlobal
