
Microsoft Visual Studio Solution File, Format Version 12.00
# Visual Studio 15
VisualStudioVersion = 15.0.27130.2027
MinimumVisualStudioVersion = 10.0.40219.1
Project("{FAE04EC0-301F-11D3-BF4B-00C04F79EFBC}") = "WriteSingleLine", "WriteSingleLine\WriteSingleLine.csproj", "{F4F3883E-92CC-419F-8DE5-89872CAC5051}"
EndProject
Global
	GlobalSection(SolutionConfigurationPlatforms) = preSolution
		Debug|Any CPU = Debug|Any CPU
		Release|Any CPU = Release|Any CPU
	EndGlobalSection
	GlobalSection(ProjectConfigurationPlatforms) = postSolution
		{F4F3883E-92CC-419F-8DE5-89872CAC5051}.Debug|Any CPU.ActiveCfg = Debug|Any CPU
		{F4F3883E-92CC-419F-8DE5-89872CAC5051}.Debug|Any CPU.Build.0 = Debug|Any CPU
		{F4F3883E-92CC-419F-8DE5-89872CAC5051}.Release|Any CPU.ActiveCfg = Release|Any CPU
		{F4F3883E-92CC-419F-8DE5-89872CAC5051}.Release|Any CPU.Build.0 = Release|Any CPU
	EndGlobalSection
	GlobalSection(SolutionProperties) = preSolution
		HideSolutionNode = FALSE
	EndGlobalSection
	GlobalSection(ExtensibilityGlobals) = postSolution
		SolutionGuid = {E4B488D2-F278-4768-8644-E1BD234AB676}
	EndGlobalSection
EndGlobal
